Microsoft Visual Studio Solution File, Format Version 12.00
# Visual Studio 15
VisualStudioVersion = 15.0.27703.1
MinimumVisualStudioVersion = 10.0.40219.1
Project("{FAE04EC0-301F-11D3-BF4B-00C04F79EFBC}") = "AxiomProfiler", "AxiomProfiler.csproj", "{29651769-4A5F-4C7F-BAA7-4064BA38324D}"
EndProject
Global
	GlobalSection(SolutionConfigurationPlatforms) = preSolution
		Debug Default|Any CPU = Debug Default|Any CPU
		Debug|Any CPU = Debug|Any CPU
		Release|Any CPU = Release|Any CPU
	EndGlobalSection
	GlobalSection(ProjectConfigurationPlatforms) = postSolution
		{29651769-4A5F-4C7F-BAA7-4064BA38324D}.Debug Default|Any CPU.ActiveCfg = Debug Default|Any CPU
		{29651769-4A5F-4C7F-BAA7-4064BA38324D}.Debug Default|Any CPU.Build.0 = Debug Default|Any CPU
		{29651769-4A5F-4C7F-BAA7-4064BA38324D}.Debug|Any CPU.ActiveCfg = Debug|Any CPU
		{29651769-4A5F-4C7F-BAA7-4064BA38324D}.Debug|Any CPU.Build.0 = Debug|Any CPU
		{29651769-4A5F-4C7F-BAA7-4064BA38324D}.Release|Any CPU.ActiveCfg = Release|Any CPU
		{29651769-4A5F-4C7F-BAA7-4064BA38324D}.Release|Any CPU.Build.0 = Release|Any CPU
	EndGlobalSection
	GlobalSection(SolutionProperties) = preSolution
		HideSolutionNode = FALSE
	EndGlobalSection
	GlobalSection(ExtensibilityGlobals) = postSolution
		SolutionGuid = {89CD09FA-DDC1-4A79-8B81-DDAB8CBF1C2B}
	EndGlobalSection
	GlobalSection(MonoDevelopProperties) = preSolution
		StartupItem = AxiomProfiler.csproj
	EndGlobalSection
EndGlobal
