Microsoft Visual Studio Solution File, Format Version 12.00
# Visual Studio Version 16
VisualStudioVersion = 16.0.31321.278
MinimumVisualStudioVersion = 10.0.40219.1
Project("{FAE04EC0-301F-11D3-BF4B-00C04F79EFBC}") = "AxiomProfiler", "AxiomProfiler.csproj", "{29651769-4A5F-4C7F-BAA7-4064BA38324D}"
EndProject
Project("{FAE04EC0-301F-11D3-BF4B-00C04F79EFBC}") = "UnitTestProject1", "..\UnitTestProject1\UnitTestProject1.csproj", "{6FB6598F-E98A-4F89-A1B9-580BFA97C4BC}"
EndProject
Global
	GlobalSection(SolutionConfigurationPlatforms) = preSolution
		Debug Default|Any CPU = Debug Default|Any CPU
		Debug Default|x64 = Debug Default|x64
		Debug Default|x86 = Debug Default|x86
		Debug|Any CPU = Debug|Any CPU
		Debug|x64 = Debug|x64
		Debug|x86 = Debug|x86
		Release|Any CPU = Release|Any CPU
		Release|x64 = Release|x64
		Release|x86 = Release|x86
	EndGlobalSection
	GlobalSection(ProjectConfigurationPlatforms) = postSolution
		{29651769-4A5F-4C7F-BAA7-4064BA38324D}.Debug Default|Any CPU.ActiveCfg = Debug Default|Any CPU
		{29651769-4A5F-4C7F-BAA7-4064BA38324D}.Debug Default|Any CPU.Build.0 = Debug Default|Any CPU
		{29651769-4A5F-4C7F-BAA7-4064BA38324D}.Debug Default|x64.ActiveCfg = Debug Default|Any CPU
		{29651769-4A5F-4C7F-BAA7-4064BA38324D}.Debug Default|x64.Build.0 = Debug Default|Any CPU
		{29651769-4A5F-4C7F-BAA7-4064BA38324D}.Debug Default|x86.ActiveCfg = Debug Default|Any CPU
		{29651769-4A5F-4C7F-BAA7-4064BA38324D}.Debug Default|x86.Build.0 = Debug Default|Any CPU
		{29651769-4A5F-4C7F-BAA7-4064BA38324D}.Debug|Any CPU.ActiveCfg = Debug|Any CPU
		{29651769-4A5F-4C7F-BAA7-4064BA38324D}.Debug|Any CPU.Build.0 = Debug|Any CPU
		{29651769-4A5F-4C7F-BAA7-4064BA38324D}.Debug|x64.ActiveCfg = Debug|Any CPU
		{29651769-4A5F-4C7F-BAA7-4064BA38324D}.Debug|x64.Build.0 = Debug|Any CPU
		{29651769-4A5F-4C7F-BAA7-4064BA38324D}.Debug|x86.ActiveCfg = Debug|Any CPU
		{29651769-4A5F-4C7F-BAA7-4064BA38324D}.Debug|x86.Build.0 = Debug|Any CPU
		{29651769-4A5F-4C7F-BAA7-4064BA38324D}.Release|Any CPU.ActiveCfg = Release|Any CPU
		{29651769-4A5F-4C7F-BAA7-4064BA38324D}.Release|Any CPU.Build.0 = Release|Any CPU
		{29651769-4A5F-4C7F-BAA7-4064BA38324D}.Release|x64.ActiveCfg = Release|Any CPU
		{29651769-4A5F-4C7F-BAA7-4064BA38324D}.Release|x64.Build.0 = Release|Any CPU
		{29651769-4A5F-4C7F-BAA7-4064BA38324D}.Release|x86.ActiveCfg = Release|Any CPU
		{29651769-4A5F-4C7F-BAA7-4064BA38324D}.Release|x86.Build.0 = Release|Any CPU
		{6FB6598F-E98A-4F89-A1B9-580BFA97C4BC}.Debug Default|Any CPU.ActiveCfg = Debug|Any CPU
		{6FB6598F-E98A-4F89-A1B9-580BFA97C4BC}.Debug Default|Any CPU.Build.0 = Debug|Any CPU
		{6FB6598F-E98A-4F89-A1B9-580BFA97C4BC}.Debug Default|x64.ActiveCfg = Debug|x64
		{6FB6598F-E98A-4F89-A1B9-580BFA97C4BC}.Debug Default|x64.Build.0 = Debug|x64
		{6FB6598F-E98A-4F89-A1B9-580BFA97C4BC}.Debug Default|x86.ActiveCfg = Debug|x86
		{6FB6598F-E98A-4F89-A1B9-580BFA97C4BC}.Debug Default|x86.Build.0 = Debug|x86
		{6FB6598F-E98A-4F89-A1B9-580BFA97C4BC}.Debug|Any CPU.ActiveCfg = Debug|Any CPU
		{6FB6598F-E98A-4F89-A1B9-580BFA97C4BC}.Debug|Any CPU.Build.0 = Debug|Any CPU
		{6FB6598F-E98A-4F89-A1B9-580BFA97C4BC}.Debug|x64.ActiveCfg = Debug|x64
		{6FB6598F-E98A-4F89-A1B9-580BFA97C4BC}.Debug|x64.Build.0 = Debug|x64
		{6FB6598F-E98A-4F89-A1B9-580BFA97C4BC}.Debug|x86.ActiveCfg = Debug|x86
		{6FB6598F-E98A-4F89-A1B9-580BFA97C4BC}.Debug|x86.Build.0 = Debug|x86
		{6FB6598F-E98A-4F89-A1B9-580BFA97C4BC}.Release|Any CPU.ActiveCfg = Release|Any CPU
		{6FB6598F-E98A-4F89-A1B9-580BFA97C4BC}.Release|Any CPU.Build.0 = Release|Any CPU
		{6FB6598F-E98A-4F89-A1B9-580BFA97C4BC}.Release|x64.ActiveCfg = Release|x64
		{6FB6598F-E98A-4F89-A1B9-580BFA97C4BC}.Release|x64.Build.0 = Release|x64
		{6FB6598F-E98A-4F89-A1B9-580BFA97C4BC}.Release|x86.ActiveCfg = Release|x86
		{6FB6598F-E98A-4F89-A1B9-580BFA97C4BC}.Release|x86.Build.0 = Release|x86
	EndGlobalSection
	GlobalSection(SolutionProperties) = preSolution
		HideSolutionNode = FALSE
	EndGlobalSection
	GlobalSection(ExtensibilityGlobals) = postSolution
		SolutionGuid = {89CD09FA-DDC1-4A79-8B81-DDAB8CBF1C2B}
	EndGlobalSection
	GlobalSection(MonoDevelopProperties) = preSolution
		StartupItem = AxiomProfiler.csproj
	EndGlobalSection
EndGlobal
